
Microsoft Visual Studio Solution File, Format Version 12.00
# Visual Studio Version 16
VisualStudioVersion = 16.0.30413.136
MinimumVisualStudioVersion = 10.0.40219.1
Project("{FAE04EC0-301F-11D3-BF4B-00C04F79EFBC}") = "coms201_lab4", "coms201_lab4.csproj", "{5D3778CD-7BDC-451E-98AB-2517301B32E4}"
EndProject
Global
	GlobalSection(SolutionConfigurationPlatforms) = preSolution
		Debug|Any CPU = Debug|Any CPU
		Release|Any CPU = Release|Any CPU
	EndGlobalSection
	GlobalSection(ProjectConfigurationPlatforms) = postSolution
		{5D3778CD-7BDC-451E-98AB-2517301B32E4}.Debug|Any CPU.ActiveCfg = Debug|Any CPU
		{5D3778CD-7BDC-451E-98AB-2517301B32E4}.Debug|Any CPU.Build.0 = Debug|Any CPU
		{5D3778CD-7BDC-451E-98AB-2517301B32E4}.Release|Any CPU.ActiveCfg = Release|Any CPU
		{5D3778CD-7BDC-451E-98AB-2517301B32E4}.Release|Any CPU.Build.0 = Release|Any CPU
	EndGlobalSection
	GlobalSection(SolutionProperties) = preSolution
		HideSolutionNode = FALSE
	EndGlobalSection
	GlobalSection(ExtensibilityGlobals) = postSolution
		SolutionGuid = {DA79DC3A-0557-46A3-A2BB-F78D31960849}
	EndGlobalSection
EndGlobal
