
Microsoft Visual Studio Solution File, Format Version 12.00
# Visual Studio Version 16
VisualStudioVersion = 16.0.29424.173
MinimumVisualStudioVersion = 10.0.40219.1
Project("{9A19103F-16F7-4668-BE54-9A1E7A4F7556}") = "ShapeCalculator", "ShapeCalculator\ShapeCalculator.csproj", "{43AF879D-B42F-473C-92E9-C556A6840833}"
EndProject
Project("{9A19103F-16F7-4668-BE54-9A1E7A4F7556}") = "ShapeAreaCalculator", "ShapeAreaCalculator\ShapeAreaCalculator.csproj", "{5CA257EA-7073-409B-B7E5-DF0569F594F9}"
EndProject
Global
	GlobalSection(SolutionConfigurationPlatforms) = preSolution
		Debug|Any CPU = Debug|Any CPU
		Release|Any CPU = Release|Any CPU
	EndGlobalSection
	GlobalSection(ProjectConfigurationPlatforms) = postSolution
		{43AF879D-B42F-473C-92E9-C556A6840833}.Debug|Any CPU.ActiveCfg = Debug|Any CPU
		{43AF879D-B42F-473C-92E9-C556A6840833}.Debug|Any CPU.Build.0 = Debug|Any CPU
		{43AF879D-B42F-473C-92E9-C556A6840833}.Release|Any CPU.ActiveCfg = Release|Any CPU
		{43AF879D-B42F-473C-92E9-C556A6840833}.Release|Any CPU.Build.0 = Release|Any CPU
		{5CA257EA-7073-409B-B7E5-DF0569F594F9}.Debug|Any CPU.ActiveCfg = Debug|Any CPU
		{5CA257EA-7073-409B-B7E5-DF0569F594F9}.Debug|Any CPU.Build.0 = Debug|Any CPU
		{5CA257EA-7073-409B-B7E5-DF0569F594F9}.Release|Any CPU.ActiveCfg = Release|Any CPU
		{5CA257EA-7073-409B-B7E5-DF0569F594F9}.Release|Any CPU.Build.0 = Release|Any CPU
	EndGlobalSection
	GlobalSection(SolutionProperties) = preSolution
		HideSolutionNode = FALSE
	EndGlobalSection
	GlobalSection(ExtensibilityGlobals) = postSolution
		SolutionGuid = {1F4F9EBD-202F-4280-944C-4733BEC69045}
	EndGlobalSection
EndGlobal
