
Microsoft Visual Studio Solution File, Format Version 12.00
# Visual Studio Version 16
VisualStudioVersion = 16.0.30523.141
MinimumVisualStudioVersion = 10.0.40219.1
Project("{FAE04EC0-301F-11D3-BF4B-00C04F79EFBC}") = "Facade_Lab", "Facade_Lab.csproj", "{C17606B6-168D-440D-A5C8-49373D519B87}"
EndProject
Project("{FAE04EC0-301F-11D3-BF4B-00C04F79EFBC}") = "Concepts2Code", "..\Concepts2Code\Concepts2Code.csproj", "{E6D249D9-F4D5-49A8-8191-AD33125FE378}"
EndProject
Global
	GlobalSection(SolutionConfigurationPlatforms) = preSolution
		Debug|Any CPU = Debug|Any CPU
		Release|Any CPU = Release|Any CPU
	EndGlobalSection
	GlobalSection(ProjectConfigurationPlatforms) = postSolution
		{C17606B6-168D-440D-A5C8-49373D519B87}.Debug|Any CPU.ActiveCfg = Debug|Any CPU
		{C17606B6-168D-440D-A5C8-49373D519B87}.Debug|Any CPU.Build.0 = Debug|Any CPU
		{C17606B6-168D-440D-A5C8-49373D519B87}.Release|Any CPU.ActiveCfg = Release|Any CPU
		{C17606B6-168D-440D-A5C8-49373D519B87}.Release|Any CPU.Build.0 = Release|Any CPU
		{E6D249D9-F4D5-49A8-8191-AD33125FE378}.Debug|Any CPU.ActiveCfg = Debug|Any CPU
		{E6D249D9-F4D5-49A8-8191-AD33125FE378}.Debug|Any CPU.Build.0 = Debug|Any CPU
		{E6D249D9-F4D5-49A8-8191-AD33125FE378}.Release|Any CPU.ActiveCfg = Release|Any CPU
		{E6D249D9-F4D5-49A8-8191-AD33125FE378}.Release|Any CPU.Build.0 = Release|Any CPU
	EndGlobalSection
	GlobalSection(SolutionProperties) = preSolution
		HideSolutionNode = FALSE
	EndGlobalSection
	GlobalSection(ExtensibilityGlobals) = postSolution
		SolutionGuid = {001B7D77-E7B0-487F-A713-8AA96E6A5FC9}
	EndGlobalSection
EndGlobal
