
Microsoft Visual Studio Solution File, Format Version 12.00
# Visual Studio Version 16
VisualStudioVersion = 16.0.30517.126
MinimumVisualStudioVersion = 10.0.40219.1
Project("{FAE04EC0-301F-11D3-BF4B-00C04F79EFBC}") = "COMS201_D6", "COMS201_D6.csproj", "{06C77E0D-EDFA-440E-A22C-42A1DC0B4380}"
EndProject
Global
	GlobalSection(SolutionConfigurationPlatforms) = preSolution
		Debug|Any CPU = Debug|Any CPU
		Release|Any CPU = Release|Any CPU
	EndGlobalSection
	GlobalSection(ProjectConfigurationPlatforms) = postSolution
		{06C77E0D-EDFA-440E-A22C-42A1DC0B4380}.Debug|Any CPU.ActiveCfg = Debug|Any CPU
		{06C77E0D-EDFA-440E-A22C-42A1DC0B4380}.Debug|Any CPU.Build.0 = Debug|Any CPU
		{06C77E0D-EDFA-440E-A22C-42A1DC0B4380}.Release|Any CPU.ActiveCfg = Release|Any CPU
		{06C77E0D-EDFA-440E-A22C-42A1DC0B4380}.Release|Any CPU.Build.0 = Release|Any CPU
	EndGlobalSection
	GlobalSection(SolutionProperties) = preSolution
		HideSolutionNode = FALSE
	EndGlobalSection
	GlobalSection(ExtensibilityGlobals) = postSolution
		SolutionGuid = {B52757EA-A96A-4163-9F23-FD0E9C9065F0}
	EndGlobalSection
EndGlobal
